
Microsoft Visual Studio Solution File, Format Version 11.00
# Visual Studio 2010
Project("{FAE04EC0-301F-11D3-BF4B-00C04F79EFBC}") = "CarGlass", "CarGlass\CarGlass.csproj", "{2DF2B02C-F5D9-42EE-92C7-4B28EC28FEEE}"
EndProject
Project("{FAE04EC0-301F-11D3-BF4B-00C04F79EFBC}") = "QSChat", "..\QSProjects\Modules\QSChat\QSChat.csproj", "{6E2FDF7B-9C20-4778-AFF2-5B2677FAB555}"
EndProject
Project("{2150E333-8FDC-42A3-9474-1A3956D46DE8}") = "QSLibs", "QSLibs", "{DF509FEE-C98B-4249-8960-695E5AD9FE4A}"
EndProject
Project("{FAE04EC0-301F-11D3-BF4B-00C04F79EFBC}") = "QSProjectsLib", "..\QSProjects\QSProjectsLib\QSProjectsLib.csproj", "{A6C1914F-7732-49F5-BABA-8BBBA521FAAB}"
EndProject
Project("{FAE04EC0-301F-11D3-BF4B-00C04F79EFBC}") = "QSSupportLib", "..\QSProjects\QSSupportLib\QSSupportLib.csproj", "{9DF71899-3CE4-48F4-B3C3-0B21B15037B1}"
EndProject
Project("{FAE04EC0-301F-11D3-BF4B-00C04F79EFBC}") = "QSWidgetLib", "..\QSProjects\QSWidgetLib\QSWidgetLib.csproj", "{5A2BB01E-E124-432E-8099-D1343D3897B9}"
EndProject
Project("{FAE04EC0-301F-11D3-BF4B-00C04F79EFBC}") = "QSMachineConfig", "..\QSProjects\QSMachineConfig\QSMachineConfig.csproj", "{769710D2-BF98-4120-9E07-67BD740CFA1D}"
EndProject
Project("{FAE04EC0-301F-11D3-BF4B-00C04F79EFBC}") = "QSSaaS", "..\QSProjects\QSSaaS\QSSaaS.csproj", "{4B502FE5-D419-4B5C-9276-0A25EF2F508A}"
EndProject
Project("{FAE04EC0-301F-11D3-BF4B-00C04F79EFBC}") = "QSBugReporting", "..\QSProjects\QSBugReporting\QSBugReporting.csproj", "{F8E01CD3-8BDD-403B-8264-0ED24AC3FA21}"
EndProject
Global
	GlobalSection(SolutionConfigurationPlatforms) = preSolution
		Debug|x86 = Debug|x86
		Release|x86 = Release|x86
	EndGlobalSection
	GlobalSection(ProjectConfigurationPlatforms) = postSolution
		{2DF2B02C-F5D9-42EE-92C7-4B28EC28FEEE}.Debug|x86.ActiveCfg = Debug|x86
		{2DF2B02C-F5D9-42EE-92C7-4B28EC28FEEE}.Debug|x86.Build.0 = Debug|x86
		{2DF2B02C-F5D9-42EE-92C7-4B28EC28FEEE}.Release|x86.ActiveCfg = Release|x86
		{2DF2B02C-F5D9-42EE-92C7-4B28EC28FEEE}.Release|x86.Build.0 = Release|x86
		{4B502FE5-D419-4B5C-9276-0A25EF2F508A}.Debug|x86.ActiveCfg = Debug|x86
		{4B502FE5-D419-4B5C-9276-0A25EF2F508A}.Debug|x86.Build.0 = Debug|x86
		{4B502FE5-D419-4B5C-9276-0A25EF2F508A}.Release|x86.ActiveCfg = Release|x86
		{4B502FE5-D419-4B5C-9276-0A25EF2F508A}.Release|x86.Build.0 = Release|x86
		{5A2BB01E-E124-432E-8099-D1343D3897B9}.Debug|x86.ActiveCfg = Debug|Any CPU
		{5A2BB01E-E124-432E-8099-D1343D3897B9}.Debug|x86.Build.0 = Debug|Any CPU
		{5A2BB01E-E124-432E-8099-D1343D3897B9}.Release|x86.ActiveCfg = Release|Any CPU
		{5A2BB01E-E124-432E-8099-D1343D3897B9}.Release|x86.Build.0 = Release|Any CPU
		{6E2FDF7B-9C20-4778-AFF2-5B2677FAB555}.Debug|x86.ActiveCfg = Debug|Any CPU
		{6E2FDF7B-9C20-4778-AFF2-5B2677FAB555}.Debug|x86.Build.0 = Debug|Any CPU
		{6E2FDF7B-9C20-4778-AFF2-5B2677FAB555}.Release|x86.ActiveCfg = Release|Any CPU
		{6E2FDF7B-9C20-4778-AFF2-5B2677FAB555}.Release|x86.Build.0 = Release|Any CPU
		{769710D2-BF98-4120-9E07-67BD740CFA1D}.Debug|x86.ActiveCfg = Debug|Any CPU
		{769710D2-BF98-4120-9E07-67BD740CFA1D}.Debug|x86.Build.0 = Debug|Any CPU
		{769710D2-BF98-4120-9E07-67BD740CFA1D}.Release|x86.ActiveCfg = Release|Any CPU
		{769710D2-BF98-4120-9E07-67BD740CFA1D}.Release|x86.Build.0 = Release|Any CPU
		{9DF71899-3CE4-48F4-B3C3-0B21B15037B1}.Debug|x86.ActiveCfg = Debug|Any CPU
		{9DF71899-3CE4-48F4-B3C3-0B21B15037B1}.Debug|x86.Build.0 = Debug|Any CPU
		{9DF71899-3CE4-48F4-B3C3-0B21B15037B1}.Release|x86.ActiveCfg = Release|Any CPU
		{9DF71899-3CE4-48F4-B3C3-0B21B15037B1}.Release|x86.Build.0 = Release|Any CPU
		{A6C1914F-7732-49F5-BABA-8BBBA521FAAB}.Debug|x86.ActiveCfg = Debug|Any CPU
		{A6C1914F-7732-49F5-BABA-8BBBA521FAAB}.Debug|x86.Build.0 = Debug|Any CPU
		{A6C1914F-7732-49F5-BABA-8BBBA521FAAB}.Release|x86.ActiveCfg = Release|Any CPU
		{A6C1914F-7732-49F5-BABA-8BBBA521FAAB}.Release|x86.Build.0 = Release|Any CPU
		{F8E01CD3-8BDD-403B-8264-0ED24AC3FA21}.Debug|x86.ActiveCfg = Debug|x86
		{F8E01CD3-8BDD-403B-8264-0ED24AC3FA21}.Debug|x86.Build.0 = Debug|x86
		{F8E01CD3-8BDD-403B-8264-0ED24AC3FA21}.Release|x86.ActiveCfg = Release|x86
		{F8E01CD3-8BDD-403B-8264-0ED24AC3FA21}.Release|x86.Build.0 = Release|x86
	EndGlobalSection
	GlobalSection(NestedProjects) = preSolution
		{A6C1914F-7732-49F5-BABA-8BBBA521FAAB} = {DF509FEE-C98B-4249-8960-695E5AD9FE4A}
		{9DF71899-3CE4-48F4-B3C3-0B21B15037B1} = {DF509FEE-C98B-4249-8960-695E5AD9FE4A}
		{5A2BB01E-E124-432E-8099-D1343D3897B9} = {DF509FEE-C98B-4249-8960-695E5AD9FE4A}
		{769710D2-BF98-4120-9E07-67BD740CFA1D} = {DF509FEE-C98B-4249-8960-695E5AD9FE4A}
		{4B502FE5-D419-4B5C-9276-0A25EF2F508A} = {DF509FEE-C98B-4249-8960-695E5AD9FE4A}
		{F8E01CD3-8BDD-403B-8264-0ED24AC3FA21} = {DF509FEE-C98B-4249-8960-695E5AD9FE4A}
	EndGlobalSection
	GlobalSection(MonoDevelopProperties) = preSolution
		version = 1.0
		StartupItem = CarGlass\CarGlass.csproj
	EndGlobalSection
EndGlobal
