
Microsoft Visual Studio Solution File, Format Version 11.00
# Visual Studio 2010
Project("{FAE04EC0-301F-11D3-BF4B-00C04F79EFBC}") = "CarGlass", "CarGlass\CarGlass.csproj", "{2DF2B02C-F5D9-42EE-92C7-4B28EC28FEEE}"
EndProject
Project("{2150E333-8FDC-42A3-9474-1A3956D46DE8}") = "QSLibs", "QSLibs", "{DF509FEE-C98B-4249-8960-695E5AD9FE4A}"
EndProject
Project("{FAE04EC0-301F-11D3-BF4B-00C04F79EFBC}") = "QSProjectsLib", "..\QSProjects\QSProjectsLib\QSProjectsLib.csproj", "{A6C1914F-7732-49F5-BABA-8BBBA521FAAB}"
EndProject
Project("{FAE04EC0-301F-11D3-BF4B-00C04F79EFBC}") = "QSSupportLib", "..\QSProjects\QSSupportLib\QSSupportLib.csproj", "{9DF71899-3CE4-48F4-B3C3-0B21B15037B1}"
EndProject
Project("{FAE04EC0-301F-11D3-BF4B-00C04F79EFBC}") = "QSWidgetLib", "..\QSProjects\QSWidgetLib\QSWidgetLib.csproj", "{5A2BB01E-E124-432E-8099-D1343D3897B9}"
EndProject
Project("{FAE04EC0-301F-11D3-BF4B-00C04F79EFBC}") = "QSSaaS", "..\QSProjects\QSSaaS\QSSaaS.csproj", "{4B502FE5-D419-4B5C-9276-0A25EF2F508A}"
EndProject
Project("{FAE04EC0-301F-11D3-BF4B-00C04F79EFBC}") = "QS.Updater.Gtk", "..\QSProjects\QS.Updater.Gtk\QS.Updater.Gtk.csproj", "{6D755374-6EAF-44B6-8C6C-6FE5E5AB3432}"
EndProject
Project("{FAE04EC0-301F-11D3-BF4B-00C04F79EFBC}") = "QSOrmProject", "..\QSProjects\QSOrmProject\QSOrmProject.csproj", "{00D32969-612C-417E-9565-BEC6A7719F80}"
EndProject
Project("{2150E333-8FDC-42A3-9474-1A3956D46DE8}") = "Gamma", "Gamma", "{C0043192-8AFF-450A-A511-CE9A31E82B80}"
EndProject
Project("{FAE04EC0-301F-11D3-BF4B-00C04F79EFBC}") = "GammaUtil", "..\GammaBinding\GammaUtil\GammaUtil.csproj", "{1BF2A638-420D-456C-96A7-36873A0FB894}"
EndProject
Project("{FAE04EC0-301F-11D3-BF4B-00C04F79EFBC}") = "GammaBinding", "..\GammaBinding\GammaBinding\GammaBinding.csproj", "{190CEA0D-EA23-4C91-8030-203A5AFED7B7}"
EndProject
Project("{2150E333-8FDC-42A3-9474-1A3956D46DE8}") = "GtkBinding", "GtkBinding", "{4B51E833-05BA-4DF7-A12A-C2F11759CA0C}"
EndProject
Project("{FAE04EC0-301F-11D3-BF4B-00C04F79EFBC}") = "System.Data.Bindings", "..\Gtk.DataBindings\System.Data.Bindings\System.Data.Bindings.csproj", "{54F958F5-7E58-4C89-9A04-8835E63B97C3}"
EndProject
Project("{FAE04EC0-301F-11D3-BF4B-00C04F79EFBC}") = "QSExtraGammaWidgets", "..\QSProjects\QSExtraGammaWidgets\QSExtraGammaWidgets.csproj", "{3DCDD84A-20D0-4939-BE25-58B19F3961F2}"
EndProject
Project("{FAE04EC0-301F-11D3-BF4B-00C04F79EFBC}") = "QSChat", "QSChat\QSChat.csproj", "{6E2FDF7B-9C20-4778-AFF2-5B2677FAB555}"
EndProject
Project("{FAE04EC0-301F-11D3-BF4B-00C04F79EFBC}") = "QS.Project", "..\QSProjects\QS.Project\QS.Project.csproj", "{28A78143-42E3-40E7-86F5-DD7E1679BE86}"
EndProject
Project("{FAE04EC0-301F-11D3-BF4B-00C04F79EFBC}") = "QS.Project.Gtk", "..\QSProjects\QS.Project.Gtk\QS.Project.Gtk.csproj", "{3C0F3944-CBD5-4BD6-83D4-CF33AD6FC68C}"
EndProject
Project("{FAE04EC0-301F-11D3-BF4B-00C04F79EFBC}") = "QS.Updater", "..\QSProjects\QS.Updater\QS.Updater.csproj", "{0F2A9FD4-6FC1-4912-9C8A-72028305A37E}"
EndProject
Project("{FAE04EC0-301F-11D3-BF4B-00C04F79EFBC}") = "QS.Utilities", "..\QSProjects\QS.Utilities\QS.Utilities.csproj", "{E2228A2B-4883-4DD8-8A05-23501F7B8A33}"
EndProject
Project("{FAE04EC0-301F-11D3-BF4B-00C04F79EFBC}") = "QS.MachineConfig", "..\QSProjects\QS.MachineConfig\QS.MachineConfig.csproj", "{769710D2-BF98-4120-9E07-67BD740CFA1D}"
EndProject
Global
	GlobalSection(SolutionConfigurationPlatforms) = preSolution
		Debug|x86 = Debug|x86
		Release|x86 = Release|x86
		ReleaseWin|x86 = ReleaseWin|x86
	EndGlobalSection
	GlobalSection(ProjectConfigurationPlatforms) = postSolution
		{2DF2B02C-F5D9-42EE-92C7-4B28EC28FEEE}.Debug|x86.ActiveCfg = Debug|x86
		{2DF2B02C-F5D9-42EE-92C7-4B28EC28FEEE}.Debug|x86.Build.0 = Debug|x86
		{2DF2B02C-F5D9-42EE-92C7-4B28EC28FEEE}.Release|x86.ActiveCfg = Release|x86
		{2DF2B02C-F5D9-42EE-92C7-4B28EC28FEEE}.Release|x86.Build.0 = Release|x86
		{2DF2B02C-F5D9-42EE-92C7-4B28EC28FEEE}.ReleaseWin|x86.ActiveCfg = ReleaseWin|x86
		{2DF2B02C-F5D9-42EE-92C7-4B28EC28FEEE}.ReleaseWin|x86.Build.0 = ReleaseWin|x86
		{4B502FE5-D419-4B5C-9276-0A25EF2F508A}.Debug|x86.ActiveCfg = Debug|x86
		{4B502FE5-D419-4B5C-9276-0A25EF2F508A}.Debug|x86.Build.0 = Debug|x86
		{4B502FE5-D419-4B5C-9276-0A25EF2F508A}.Release|x86.ActiveCfg = Release|x86
		{4B502FE5-D419-4B5C-9276-0A25EF2F508A}.Release|x86.Build.0 = Release|x86
		{4B502FE5-D419-4B5C-9276-0A25EF2F508A}.ReleaseWin|x86.ActiveCfg = Release|x86
		{4B502FE5-D419-4B5C-9276-0A25EF2F508A}.ReleaseWin|x86.Build.0 = Release|x86
		{5A2BB01E-E124-432E-8099-D1343D3897B9}.Debug|x86.ActiveCfg = Debug|Any CPU
		{5A2BB01E-E124-432E-8099-D1343D3897B9}.Debug|x86.Build.0 = Debug|Any CPU
		{5A2BB01E-E124-432E-8099-D1343D3897B9}.Release|x86.ActiveCfg = Release|Any CPU
		{5A2BB01E-E124-432E-8099-D1343D3897B9}.Release|x86.Build.0 = Release|Any CPU
		{5A2BB01E-E124-432E-8099-D1343D3897B9}.ReleaseWin|x86.ActiveCfg = Release|Any CPU
		{5A2BB01E-E124-432E-8099-D1343D3897B9}.ReleaseWin|x86.Build.0 = Release|Any CPU
		{6D755374-6EAF-44B6-8C6C-6FE5E5AB3432}.Debug|x86.ActiveCfg = Debug|x86
		{6D755374-6EAF-44B6-8C6C-6FE5E5AB3432}.Debug|x86.Build.0 = Debug|x86
		{6D755374-6EAF-44B6-8C6C-6FE5E5AB3432}.Release|x86.ActiveCfg = Release|x86
		{6D755374-6EAF-44B6-8C6C-6FE5E5AB3432}.Release|x86.Build.0 = Release|x86
		{6D755374-6EAF-44B6-8C6C-6FE5E5AB3432}.ReleaseWin|x86.ActiveCfg = Release|x86
		{6D755374-6EAF-44B6-8C6C-6FE5E5AB3432}.ReleaseWin|x86.Build.0 = Release|x86
		{9DF71899-3CE4-48F4-B3C3-0B21B15037B1}.Debug|x86.ActiveCfg = Debug|Any CPU
		{9DF71899-3CE4-48F4-B3C3-0B21B15037B1}.Debug|x86.Build.0 = Debug|Any CPU
		{9DF71899-3CE4-48F4-B3C3-0B21B15037B1}.Release|x86.ActiveCfg = Release|Any CPU
		{9DF71899-3CE4-48F4-B3C3-0B21B15037B1}.Release|x86.Build.0 = Release|Any CPU
		{9DF71899-3CE4-48F4-B3C3-0B21B15037B1}.ReleaseWin|x86.ActiveCfg = Release|Any CPU
		{9DF71899-3CE4-48F4-B3C3-0B21B15037B1}.ReleaseWin|x86.Build.0 = Release|Any CPU
		{A6C1914F-7732-49F5-BABA-8BBBA521FAAB}.Debug|x86.ActiveCfg = Debug|Any CPU
		{A6C1914F-7732-49F5-BABA-8BBBA521FAAB}.Debug|x86.Build.0 = Debug|Any CPU
		{A6C1914F-7732-49F5-BABA-8BBBA521FAAB}.Release|x86.ActiveCfg = Release|Any CPU
		{A6C1914F-7732-49F5-BABA-8BBBA521FAAB}.Release|x86.Build.0 = Release|Any CPU
		{A6C1914F-7732-49F5-BABA-8BBBA521FAAB}.ReleaseWin|x86.ActiveCfg = Release|Any CPU
		{A6C1914F-7732-49F5-BABA-8BBBA521FAAB}.ReleaseWin|x86.Build.0 = Release|Any CPU
		{00D32969-612C-417E-9565-BEC6A7719F80}.Debug|x86.ActiveCfg = Debug|Any CPU
		{00D32969-612C-417E-9565-BEC6A7719F80}.Debug|x86.Build.0 = Debug|Any CPU
		{00D32969-612C-417E-9565-BEC6A7719F80}.Release|x86.ActiveCfg = Release|Any CPU
		{00D32969-612C-417E-9565-BEC6A7719F80}.Release|x86.Build.0 = Release|Any CPU
		{00D32969-612C-417E-9565-BEC6A7719F80}.ReleaseWin|x86.ActiveCfg = Release|Any CPU
		{00D32969-612C-417E-9565-BEC6A7719F80}.ReleaseWin|x86.Build.0 = Release|Any CPU
		{1BF2A638-420D-456C-96A7-36873A0FB894}.Debug|x86.ActiveCfg = Debug|Any CPU
		{1BF2A638-420D-456C-96A7-36873A0FB894}.Debug|x86.Build.0 = Debug|Any CPU
		{1BF2A638-420D-456C-96A7-36873A0FB894}.Release|x86.ActiveCfg = Release|Any CPU
		{1BF2A638-420D-456C-96A7-36873A0FB894}.Release|x86.Build.0 = Release|Any CPU
		{1BF2A638-420D-456C-96A7-36873A0FB894}.ReleaseWin|x86.ActiveCfg = Release|Any CPU
		{1BF2A638-420D-456C-96A7-36873A0FB894}.ReleaseWin|x86.Build.0 = Release|Any CPU
		{190CEA0D-EA23-4C91-8030-203A5AFED7B7}.Debug|x86.ActiveCfg = Debug|Any CPU
		{190CEA0D-EA23-4C91-8030-203A5AFED7B7}.Debug|x86.Build.0 = Debug|Any CPU
		{190CEA0D-EA23-4C91-8030-203A5AFED7B7}.Release|x86.ActiveCfg = Release|Any CPU
		{190CEA0D-EA23-4C91-8030-203A5AFED7B7}.Release|x86.Build.0 = Release|Any CPU
		{190CEA0D-EA23-4C91-8030-203A5AFED7B7}.ReleaseWin|x86.ActiveCfg = Release|Any CPU
		{190CEA0D-EA23-4C91-8030-203A5AFED7B7}.ReleaseWin|x86.Build.0 = Release|Any CPU
		{54F958F5-7E58-4C89-9A04-8835E63B97C3}.Debug|x86.ActiveCfg = Debug|Any CPU
		{54F958F5-7E58-4C89-9A04-8835E63B97C3}.Debug|x86.Build.0 = Debug|Any CPU
		{54F958F5-7E58-4C89-9A04-8835E63B97C3}.Release|x86.ActiveCfg = Release|Any CPU
		{54F958F5-7E58-4C89-9A04-8835E63B97C3}.Release|x86.Build.0 = Release|Any CPU
		{54F958F5-7E58-4C89-9A04-8835E63B97C3}.ReleaseWin|x86.ActiveCfg = Release|Any CPU
		{54F958F5-7E58-4C89-9A04-8835E63B97C3}.ReleaseWin|x86.Build.0 = Release|Any CPU
		{3DCDD84A-20D0-4939-BE25-58B19F3961F2}.Debug|x86.ActiveCfg = Debug|Any CPU
		{3DCDD84A-20D0-4939-BE25-58B19F3961F2}.Debug|x86.Build.0 = Debug|Any CPU
		{3DCDD84A-20D0-4939-BE25-58B19F3961F2}.Release|x86.ActiveCfg = Release|Any CPU
		{3DCDD84A-20D0-4939-BE25-58B19F3961F2}.Release|x86.Build.0 = Release|Any CPU
		{3DCDD84A-20D0-4939-BE25-58B19F3961F2}.ReleaseWin|x86.ActiveCfg = Release|Any CPU
		{3DCDD84A-20D0-4939-BE25-58B19F3961F2}.ReleaseWin|x86.Build.0 = Release|Any CPU
		{6E2FDF7B-9C20-4778-AFF2-5B2677FAB555}.Debug|x86.ActiveCfg = Debug|Any CPU
		{6E2FDF7B-9C20-4778-AFF2-5B2677FAB555}.Debug|x86.Build.0 = Debug|Any CPU
		{6E2FDF7B-9C20-4778-AFF2-5B2677FAB555}.Release|x86.ActiveCfg = Release|Any CPU
		{6E2FDF7B-9C20-4778-AFF2-5B2677FAB555}.Release|x86.Build.0 = Release|Any CPU
		{6E2FDF7B-9C20-4778-AFF2-5B2677FAB555}.ReleaseWin|x86.ActiveCfg = Release|Any CPU
		{6E2FDF7B-9C20-4778-AFF2-5B2677FAB555}.ReleaseWin|x86.Build.0 = Release|Any CPU
		{28A78143-42E3-40E7-86F5-DD7E1679BE86}.Debug|x86.ActiveCfg = Debug|Any CPU
		{28A78143-42E3-40E7-86F5-DD7E1679BE86}.Debug|x86.Build.0 = Debug|Any CPU
		{28A78143-42E3-40E7-86F5-DD7E1679BE86}.Release|x86.ActiveCfg = Release|Any CPU
		{28A78143-42E3-40E7-86F5-DD7E1679BE86}.Release|x86.Build.0 = Release|Any CPU
		{28A78143-42E3-40E7-86F5-DD7E1679BE86}.ReleaseWin|x86.ActiveCfg = Release|Any CPU
		{28A78143-42E3-40E7-86F5-DD7E1679BE86}.ReleaseWin|x86.Build.0 = Release|Any CPU
		{3C0F3944-CBD5-4BD6-83D4-CF33AD6FC68C}.Debug|x86.ActiveCfg = Debug|Any CPU
		{3C0F3944-CBD5-4BD6-83D4-CF33AD6FC68C}.Debug|x86.Build.0 = Debug|Any CPU
		{3C0F3944-CBD5-4BD6-83D4-CF33AD6FC68C}.Release|x86.ActiveCfg = Release|Any CPU
		{3C0F3944-CBD5-4BD6-83D4-CF33AD6FC68C}.Release|x86.Build.0 = Release|Any CPU
		{3C0F3944-CBD5-4BD6-83D4-CF33AD6FC68C}.ReleaseWin|x86.ActiveCfg = Release|Any CPU
		{3C0F3944-CBD5-4BD6-83D4-CF33AD6FC68C}.ReleaseWin|x86.Build.0 = Release|Any CPU
		{0F2A9FD4-6FC1-4912-9C8A-72028305A37E}.Debug|x86.ActiveCfg = Debug|Any CPU
		{0F2A9FD4-6FC1-4912-9C8A-72028305A37E}.Debug|x86.Build.0 = Debug|Any CPU
		{0F2A9FD4-6FC1-4912-9C8A-72028305A37E}.Release|x86.ActiveCfg = Release|Any CPU
		{0F2A9FD4-6FC1-4912-9C8A-72028305A37E}.Release|x86.Build.0 = Release|Any CPU
		{0F2A9FD4-6FC1-4912-9C8A-72028305A37E}.ReleaseWin|x86.ActiveCfg = Release|Any CPU
		{0F2A9FD4-6FC1-4912-9C8A-72028305A37E}.ReleaseWin|x86.Build.0 = Release|Any CPU
		{E2228A2B-4883-4DD8-8A05-23501F7B8A33}.Debug|x86.ActiveCfg = Debug|Any CPU
		{E2228A2B-4883-4DD8-8A05-23501F7B8A33}.Debug|x86.Build.0 = Debug|Any CPU
		{E2228A2B-4883-4DD8-8A05-23501F7B8A33}.Release|x86.ActiveCfg = Release|Any CPU
		{E2228A2B-4883-4DD8-8A05-23501F7B8A33}.Release|x86.Build.0 = Release|Any CPU
		{E2228A2B-4883-4DD8-8A05-23501F7B8A33}.ReleaseWin|x86.ActiveCfg = Release|Any CPU
		{E2228A2B-4883-4DD8-8A05-23501F7B8A33}.ReleaseWin|x86.Build.0 = Release|Any CPU
		{769710D2-BF98-4120-9E07-67BD740CFA1D}.Debug|x86.ActiveCfg = Debug|Any CPU
		{769710D2-BF98-4120-9E07-67BD740CFA1D}.Debug|x86.Build.0 = Debug|Any CPU
		{769710D2-BF98-4120-9E07-67BD740CFA1D}.Release|x86.ActiveCfg = Release|Any CPU
		{769710D2-BF98-4120-9E07-67BD740CFA1D}.Release|x86.Build.0 = Release|Any CPU
		{769710D2-BF98-4120-9E07-67BD740CFA1D}.ReleaseWin|x86.ActiveCfg = Release|Any CPU
		{769710D2-BF98-4120-9E07-67BD740CFA1D}.ReleaseWin|x86.Build.0 = Release|Any CPU
	EndGlobalSection
	GlobalSection(NestedProjects) = preSolution
		{A6C1914F-7732-49F5-BABA-8BBBA521FAAB} = {DF509FEE-C98B-4249-8960-695E5AD9FE4A}
		{9DF71899-3CE4-48F4-B3C3-0B21B15037B1} = {DF509FEE-C98B-4249-8960-695E5AD9FE4A}
		{5A2BB01E-E124-432E-8099-D1343D3897B9} = {DF509FEE-C98B-4249-8960-695E5AD9FE4A}
		{4B502FE5-D419-4B5C-9276-0A25EF2F508A} = {DF509FEE-C98B-4249-8960-695E5AD9FE4A}
		{6D755374-6EAF-44B6-8C6C-6FE5E5AB3432} = {DF509FEE-C98B-4249-8960-695E5AD9FE4A}
		{00D32969-612C-417E-9565-BEC6A7719F80} = {DF509FEE-C98B-4249-8960-695E5AD9FE4A}
		{1BF2A638-420D-456C-96A7-36873A0FB894} = {C0043192-8AFF-450A-A511-CE9A31E82B80}
		{190CEA0D-EA23-4C91-8030-203A5AFED7B7} = {C0043192-8AFF-450A-A511-CE9A31E82B80}
		{54F958F5-7E58-4C89-9A04-8835E63B97C3} = {4B51E833-05BA-4DF7-A12A-C2F11759CA0C}
		{3DCDD84A-20D0-4939-BE25-58B19F3961F2} = {DF509FEE-C98B-4249-8960-695E5AD9FE4A}
		{28A78143-42E3-40E7-86F5-DD7E1679BE86} = {DF509FEE-C98B-4249-8960-695E5AD9FE4A}
		{3C0F3944-CBD5-4BD6-83D4-CF33AD6FC68C} = {DF509FEE-C98B-4249-8960-695E5AD9FE4A}
		{0F2A9FD4-6FC1-4912-9C8A-72028305A37E} = {DF509FEE-C98B-4249-8960-695E5AD9FE4A}
		{E2228A2B-4883-4DD8-8A05-23501F7B8A33} = {DF509FEE-C98B-4249-8960-695E5AD9FE4A}
		{769710D2-BF98-4120-9E07-67BD740CFA1D} = {DF509FEE-C98B-4249-8960-695E5AD9FE4A}
	EndGlobalSection
	GlobalSection(MonoDevelopProperties) = preSolution
		version = 1.0
		StartupItem = CarGlass\CarGlass.csproj
		Policies = $0
		$0.DotNetNamingPolicy = $1
		$1.DirectoryNamespaceAssociation = PrefixedHierarchical
		$0.TextStylePolicy = $2
		$2.FileWidth = 80
		$2.NoTabsAfterNonTabs = True
		$2.scope = text/x-csharp
		$2.EolMarker = Unix
		$0.CSharpFormattingPolicy = $3
		$3.scope = text/x-csharp
		$3.SpaceAfterControlFlowStatementKeyword = False
	EndGlobalSection
EndGlobal
